// !$*UTF8*$!
{
	archiveVersion = 1;
	classes = {
	};
	objectVersion = 77;
	objects = {

/* Begin PBXBuildFile section */
		A10000000000000000000030 /* main.swift in Sources */ = {isa = PBXBuildFile; fileRef = A10000000000000000000020 /* main.swift */; };
		A10000000000000000000031 /* AppDelegate.swift in Sources */ = {isa = PBXBuildFile; fileRef = A10000000000000000000021 /* AppDelegate.swift */; };
		A10000000000000000000032 /* AppAssembler.swift in Sources */ = {isa = PBXBuildFile; fileRef = A10000000000000000000022 /* AppAssembler.swift */; };
		A10000000000000000000033 /* AppState.swift in Sources */ = {isa = PBXBuildFile; fileRef = A10000000000000000000023 /* AppState.swift */; };
		A10000000000000000000034 /* DependencyContainer.swift in Sources */ = {isa = PBXBuildFile; fileRef = A10000000000000000000024 /* DependencyContainer.swift */; };
		A10000000000000000000035 /* PopoverController.swift in Sources */ = {isa = PBXBuildFile; fileRef = A10000000000000000000025 /* PopoverController.swift */; };
		A10000000000000000000036 /* StatusItemController.swift in Sources */ = {isa = PBXBuildFile; fileRef = A10000000000000000000026 /* StatusItemController.swift */; };
		A10000000000000000000037 /* WindowRouter.swift in Sources */ = {isa = PBXBuildFile; fileRef = A10000000000000000000027 /* WindowRouter.swift */; };
		A10000000000000000000038 /* DashboardView.swift in Sources */ = {isa = PBXBuildFile; fileRef = A10000000000000000000028 /* DashboardView.swift */; };
		A10000000000000000000039 /* AppMetricsMonitor.swift in Sources */ = {isa = PBXBuildFile; fileRef = A10000000000000000000029 /* AppMetricsMonitor.swift */; };
		A1000000000000000000003A /* SettingsView.swift in Sources */ = {isa = PBXBuildFile; fileRef = A1000000000000000000002A /* SettingsView.swift */; };
		A1000000000000000000003B /* AlertNotificationService.swift in Sources */ = {isa = PBXBuildFile; fileRef = A1000000000000000000002B /* AlertNotificationService.swift */; };
		A10000000000000000000096 /* AppText.swift in Sources */ = {isa = PBXBuildFile; fileRef = A10000000000000000000097 /* AppText.swift */; };
		A10000000000000000000099 /* SettingsSectionCard.swift in Sources */ = {isa = PBXBuildFile; fileRef = A1000000000000000000009A /* SettingsSectionCard.swift */; };
		A1000000000000000000009B /* SettingsControlRow.swift in Sources */ = {isa = PBXBuildFile; fileRef = A1000000000000000000009C /* SettingsControlRow.swift */; };
		A100000000000000000000A0 /* Assets.xcassets in Resources */ = {isa = PBXBuildFile; fileRef = A100000000000000000000A1 /* Assets.xcassets */; };
		A10000000000000000000040 /* MacStateFoundation in Frameworks */ = {isa = PBXBuildFile; productRef = A10000000000000000000060 /* MacStateFoundation */; };
		A10000000000000000000041 /* MacStateMetrics in Frameworks */ = {isa = PBXBuildFile; productRef = A10000000000000000000061 /* MacStateMetrics */; };
		A10000000000000000000042 /* MacStateStorage in Frameworks */ = {isa = PBXBuildFile; productRef = A10000000000000000000062 /* MacStateStorage */; };
		A10000000000000000000043 /* MacStateUI in Frameworks */ = {isa = PBXBuildFile; productRef = A10000000000000000000063 /* MacStateUI */; };
		A10000000000000000000070 /* main.swift in Sources */ = {isa = PBXBuildFile; fileRef = A10000000000000000000073 /* main.swift */; };
		A10000000000000000000080 /* HistoryView.swift in Sources */ = {isa = PBXBuildFile; fileRef = A10000000000000000000081 /* HistoryView.swift */; };
		A10000000000000000000083 /* MacStateFoundation in Frameworks */ = {isa = PBXBuildFile; productRef = A10000000000000000000095 /* MacStateFoundation */; };
		A10000000000000000000084 /* MacStateWidgets.swift in Sources */ = {isa = PBXBuildFile; fileRef = A10000000000000000000088 /* MacStateWidgets.swift */; };
		A10000000000000000000085 /* MetricOverviewWidget.swift in Sources */ = {isa = PBXBuildFile; fileRef = A10000000000000000000089 /* MetricOverviewWidget.swift */; };
/* End PBXBuildFile section */

/* Begin PBXContainerItemProxy section */
		A1000000000000000000007F /* PBXContainerItemProxy */ = {
			isa = PBXContainerItemProxy;
			containerPortal = A10000000000000000000001 /* Project object */;
			proxyType = 1;
			remoteGlobalIDString = A10000000000000000000077;
			remoteInfo = MacStateLoginHelper;
		};
		A10000000000000000000086 /* PBXContainerItemProxy */ = {
			isa = PBXContainerItemProxy;
			containerPortal = A10000000000000000000001 /* Project object */;
			proxyType = 1;
			remoteGlobalIDString = A1000000000000000000008F;
			remoteInfo = MacStateWidgets;
		};
/* End PBXContainerItemProxy section */

/* Begin PBXFileReference section */
		A1000000000000000000000B /* MacStateApp.app */ = {isa = PBXFileReference; explicitFileType = wrapper.application; includeInIndex = 0; path = MacStateApp.app; sourceTree = BUILT_PRODUCTS_DIR; };
		A10000000000000000000020 /* main.swift */ = {isa = PBXFileReference; lastKnownFileType = sourcecode.swift; path = main.swift; sourceTree = "<group>"; };
		A10000000000000000000021 /* AppDelegate.swift */ = {isa = PBXFileReference; lastKnownFileType = sourcecode.swift; path = AppDelegate.swift; sourceTree = "<group>"; };
		A10000000000000000000022 /* AppAssembler.swift */ = {isa = PBXFileReference; lastKnownFileType = sourcecode.swift; path = AppAssembler.swift; sourceTree = "<group>"; };
		A10000000000000000000023 /* AppState.swift */ = {isa = PBXFileReference; lastKnownFileType = sourcecode.swift; path = AppState.swift; sourceTree = "<group>"; };
		A10000000000000000000024 /* DependencyContainer.swift */ = {isa = PBXFileReference; lastKnownFileType = sourcecode.swift; path = DependencyContainer.swift; sourceTree = "<group>"; };
		A10000000000000000000025 /* PopoverController.swift */ = {isa = PBXFileReference; lastKnownFileType = sourcecode.swift; path = PopoverController.swift; sourceTree = "<group>"; };
		A10000000000000000000026 /* StatusItemController.swift */ = {isa = PBXFileReference; lastKnownFileType = sourcecode.swift; path = StatusItemController.swift; sourceTree = "<group>"; };
		A10000000000000000000027 /* WindowRouter.swift */ = {isa = PBXFileReference; lastKnownFileType = sourcecode.swift; path = WindowRouter.swift; sourceTree = "<group>"; };
		A10000000000000000000028 /* DashboardView.swift */ = {isa = PBXFileReference; lastKnownFileType = sourcecode.swift; path = DashboardView.swift; sourceTree = "<group>"; };
		A10000000000000000000029 /* AppMetricsMonitor.swift */ = {isa = PBXFileReference; lastKnownFileType = sourcecode.swift; path = AppMetricsMonitor.swift; sourceTree = "<group>"; };
		A1000000000000000000002A /* SettingsView.swift */ = {isa = PBXFileReference; lastKnownFileType = sourcecode.swift; path = SettingsView.swift; sourceTree = "<group>"; };
		A1000000000000000000002B /* AlertNotificationService.swift */ = {isa = PBXFileReference; lastKnownFileType = sourcecode.swift; path = AlertNotificationService.swift; sourceTree = "<group>"; };
		A10000000000000000000097 /* AppText.swift */ = {isa = PBXFileReference; lastKnownFileType = sourcecode.swift; path = AppText.swift; sourceTree = "<group>"; };
		A1000000000000000000009A /* SettingsSectionCard.swift */ = {isa = PBXFileReference; lastKnownFileType = sourcecode.swift; path = SettingsSectionCard.swift; sourceTree = "<group>"; };
		A1000000000000000000009C /* SettingsControlRow.swift */ = {isa = PBXFileReference; lastKnownFileType = sourcecode.swift; path = SettingsControlRow.swift; sourceTree = "<group>"; };
		A100000000000000000000A1 /* Assets.xcassets */ = {isa = PBXFileReference; lastKnownFileType = folder.assetcatalog; path = Assets.xcassets; sourceTree = "<group>"; };
		A10000000000000000000072 /* MacStateLoginHelper.app */ = {isa = PBXFileReference; explicitFileType = wrapper.application; includeInIndex = 0; path = MacStateLoginHelper.app; sourceTree = BUILT_PRODUCTS_DIR; };
		A10000000000000000000073 /* main.swift */ = {isa = PBXFileReference; lastKnownFileType = sourcecode.swift; path = main.swift; sourceTree = "<group>"; };
		A10000000000000000000081 /* HistoryView.swift */ = {isa = PBXFileReference; lastKnownFileType = sourcecode.swift; path = HistoryView.swift; sourceTree = "<group>"; };
		A10000000000000000000087 /* MacStateWidgets.appex */ = {isa = PBXFileReference; explicitFileType = "wrapper.app-extension"; includeInIndex = 0; path = MacStateWidgets.appex; sourceTree = BUILT_PRODUCTS_DIR; };
		A10000000000000000000088 /* MacStateWidgets.swift */ = {isa = PBXFileReference; lastKnownFileType = sourcecode.swift; path = MacStateWidgets.swift; sourceTree = "<group>"; };
		A10000000000000000000089 /* MetricOverviewWidget.swift */ = {isa = PBXFileReference; lastKnownFileType = sourcecode.swift; path = MetricOverviewWidget.swift; sourceTree = "<group>"; };
		A1000000000000000000008A /* Info.plist */ = {isa = PBXFileReference; lastKnownFileType = text.plist.xml; path = Info.plist; sourceTree = "<group>"; };
/* End PBXFileReference section */

/* Begin PBXFrameworksBuildPhase section */
		A1000000000000000000000E /* Frameworks */ = {
			isa = PBXFrameworksBuildPhase;
			buildActionMask = 2147483647;
			files = (
				A10000000000000000000040 /* MacStateFoundation in Frameworks */,
				A10000000000000000000041 /* MacStateMetrics in Frameworks */,
				A10000000000000000000042 /* MacStateStorage in Frameworks */,
				A10000000000000000000043 /* MacStateUI in Frameworks */,
			);
			runOnlyForDeploymentPostprocessing = 0;
		};
		A10000000000000000000076 /* Frameworks */ = {
			isa = PBXFrameworksBuildPhase;
			buildActionMask = 2147483647;
			files = (
			);
			runOnlyForDeploymentPostprocessing = 0;
		};
		A1000000000000000000008C /* Frameworks */ = {
			isa = PBXFrameworksBuildPhase;
			buildActionMask = 2147483647;
			files = (
				A10000000000000000000083 /* MacStateFoundation in Frameworks */,
			);
			runOnlyForDeploymentPostprocessing = 0;
		};
/* End PBXFrameworksBuildPhase section */

/* Begin PBXGroup section */
		A10000000000000000000002 = {
			isa = PBXGroup;
			children = (
				A10000000000000000000004 /* MacStateApp */,
				A10000000000000000000074 /* MacStateLoginHelper */,
				A1000000000000000000008B /* MacStateWidgets */,
				A10000000000000000000003 /* Products */,
			);
			sourceTree = "<group>";
		};
		A10000000000000000000003 /* Products */ = {
			isa = PBXGroup;
			children = (
				A1000000000000000000000B /* MacStateApp.app */,
				A10000000000000000000072 /* MacStateLoginHelper.app */,
				A10000000000000000000087 /* MacStateWidgets.appex */,
			);
			name = Products;
			sourceTree = "<group>";
		};
		A10000000000000000000004 /* MacStateApp */ = {
			isa = PBXGroup;
			children = (
				A10000000000000000000005 /* App */,
				A100000000000000000000A1 /* Assets.xcassets */,
				A10000000000000000000006 /* Bootstrap */,
				A10000000000000000000098 /* Localization */,
				A10000000000000000000007 /* Shell */,
				A10000000000000000000008 /* Features */,
			);
			path = MacStateApp;
			sourceTree = "<group>";
		};
		A10000000000000000000005 /* App */ = {
			isa = PBXGroup;
			children = (
				A10000000000000000000021 /* AppDelegate.swift */,
				A10000000000000000000020 /* main.swift */,
			);
			path = App;
			sourceTree = "<group>";
		};
		A10000000000000000000006 /* Bootstrap */ = {
			isa = PBXGroup;
			children = (
				A10000000000000000000022 /* AppAssembler.swift */,
				A1000000000000000000002B /* AlertNotificationService.swift */,
				A10000000000000000000023 /* AppState.swift */,
				A10000000000000000000029 /* AppMetricsMonitor.swift */,
				A10000000000000000000024 /* DependencyContainer.swift */,
			);
			path = Bootstrap;
			sourceTree = "<group>";
		};
		A10000000000000000000098 /* Localization */ = {
			isa = PBXGroup;
			children = (
				A10000000000000000000097 /* AppText.swift */,
			);
			path = Localization;
			sourceTree = "<group>";
		};
		A10000000000000000000007 /* Shell */ = {
			isa = PBXGroup;
			children = (
				A10000000000000000000025 /* PopoverController.swift */,
				A10000000000000000000026 /* StatusItemController.swift */,
				A10000000000000000000027 /* WindowRouter.swift */,
			);
			path = Shell;
			sourceTree = "<group>";
		};
		A10000000000000000000008 /* Features */ = {
			isa = PBXGroup;
			children = (
				A10000000000000000000009 /* Dashboard */,
				A10000000000000000000082 /* History */,
				A1000000000000000000000A /* Settings */,
			);
			path = Features;
			sourceTree = "<group>";
		};
		A10000000000000000000009 /* Dashboard */ = {
			isa = PBXGroup;
			children = (
				A10000000000000000000028 /* DashboardView.swift */,
			);
			path = Dashboard;
			sourceTree = "<group>";
		};
		A1000000000000000000000A /* Settings */ = {
			isa = PBXGroup;
			children = (
				A1000000000000000000009C /* SettingsControlRow.swift */,
				A1000000000000000000009A /* SettingsSectionCard.swift */,
				A1000000000000000000002A /* SettingsView.swift */,
			);
			path = Settings;
			sourceTree = "<group>";
		};
		A10000000000000000000082 /* History */ = {
			isa = PBXGroup;
			children = (
				A10000000000000000000081 /* HistoryView.swift */,
			);
			path = History;
			sourceTree = "<group>";
		};
		A10000000000000000000074 /* MacStateLoginHelper */ = {
			isa = PBXGroup;
			children = (
				A10000000000000000000075 /* App */,
			);
			path = MacStateLoginHelper;
			sourceTree = "<group>";
		};
		A10000000000000000000075 /* App */ = {
			isa = PBXGroup;
			children = (
				A10000000000000000000073 /* main.swift */,
			);
			path = App;
			sourceTree = "<group>";
		};
		A1000000000000000000008B /* MacStateWidgets */ = {
			isa = PBXGroup;
			children = (
				A10000000000000000000088 /* MacStateWidgets.swift */,
				A10000000000000000000089 /* MetricOverviewWidget.swift */,
				A1000000000000000000008A /* Info.plist */,
			);
			path = ../MacStateWidgets;
			sourceTree = "<group>";
		};
/* End PBXGroup section */

/* Begin PBXNativeTarget section */
		A1000000000000000000000C /* MacStateApp */ = {
			isa = PBXNativeTarget;
			buildConfigurationList = A10000000000000000000011 /* Build configuration list for PBXNativeTarget "MacStateApp" */;
			buildPhases = (
				A1000000000000000000000D /* Sources */,
				A1000000000000000000000E /* Frameworks */,
				A1000000000000000000000F /* Resources */,
				A1000000000000000000007A /* Embed Login Helper */,
				A10000000000000000000090 /* Embed Widget Extension */,
			);
			buildRules = (
			);
			dependencies = (
				A1000000000000000000007B /* PBXTargetDependency */,
				A10000000000000000000091 /* PBXTargetDependency */,
			);
			name = MacStateApp;
			packageProductDependencies = (
				A10000000000000000000060 /* MacStateFoundation */,
				A10000000000000000000061 /* MacStateMetrics */,
				A10000000000000000000062 /* MacStateStorage */,
				A10000000000000000000063 /* MacStateUI */,
			);
			productName = MacStateApp;
			productReference = A1000000000000000000000B /* MacStateApp.app */;
			productType = "com.apple.product-type.application";
		};
		A10000000000000000000077 /* MacStateLoginHelper */ = {
			isa = PBXNativeTarget;
			buildConfigurationList = A1000000000000000000007E /* Build configuration list for PBXNativeTarget "MacStateLoginHelper" */;
			buildPhases = (
				A10000000000000000000079 /* Sources */,
				A10000000000000000000076 /* Frameworks */,
				A10000000000000000000078 /* Resources */,
			);
			buildRules = (
			);
			dependencies = (
			);
			name = MacStateLoginHelper;
			productName = MacStateLoginHelper;
			productReference = A10000000000000000000072 /* MacStateLoginHelper.app */;
			productType = "com.apple.product-type.application";
		};
		A1000000000000000000008F /* MacStateWidgets */ = {
			isa = PBXNativeTarget;
			buildConfigurationList = A10000000000000000000094 /* Build configuration list for PBXNativeTarget "MacStateWidgets" */;
			buildPhases = (
				A1000000000000000000008E /* Sources */,
				A1000000000000000000008C /* Frameworks */,
				A1000000000000000000008D /* Resources */,
			);
			buildRules = (
			);
			dependencies = (
			);
			name = MacStateWidgets;
			packageProductDependencies = (
				A10000000000000000000095 /* MacStateFoundation */,
			);
			productName = MacStateWidgets;
			productReference = A10000000000000000000087 /* MacStateWidgets.appex */;
			productType = "com.apple.product-type.app-extension";
		};
/* End PBXNativeTarget section */

/* Begin PBXProject section */
		A10000000000000000000001 /* Project object */ = {
			isa = PBXProject;
			attributes = {
				BuildIndependentTargetsInParallel = 1;
				LastSwiftUpdateCheck = 2620;
				LastUpgradeCheck = 2620;
				TargetAttributes = {
					A1000000000000000000000C = {
						CreatedOnToolsVersion = 26.2;
					};
					A10000000000000000000077 = {
						CreatedOnToolsVersion = 26.2;
					};
					A1000000000000000000008F = {
						CreatedOnToolsVersion = 26.2;
					};
				};
			};
			buildConfigurationList = A10000000000000000000010 /* Build configuration list for PBXProject "MacStateApp" */;
			compatibilityVersion = "Xcode 16.0";
			developmentRegion = en;
			hasScannedForEncodings = 0;
			knownRegions = (
				en,
				Base,
			);
			mainGroup = A10000000000000000000002;
			packageReferences = (
				A10000000000000000000050 /* XCLocalSwiftPackageReference "../../Packages/MacStateFoundation" */,
				A10000000000000000000051 /* XCLocalSwiftPackageReference "../../Packages/MacStateMetrics" */,
				A10000000000000000000052 /* XCLocalSwiftPackageReference "../../Packages/MacStateStorage" */,
				A10000000000000000000053 /* XCLocalSwiftPackageReference "../../Packages/MacStateUI" */,
			);
			productRefGroup = A10000000000000000000003 /* Products */;
			projectDirPath = "";
			projectRoot = "";
			targets = (
				A1000000000000000000000C /* MacStateApp */,
				A10000000000000000000077 /* MacStateLoginHelper */,
				A1000000000000000000008F /* MacStateWidgets */,
			);
		};
/* End PBXProject section */

/* Begin PBXResourcesBuildPhase section */
		A1000000000000000000000F /* Resources */ = {
			isa = PBXResourcesBuildPhase;
			buildActionMask = 2147483647;
			files = (
				A100000000000000000000A0 /* Assets.xcassets in Resources */,
			);
			runOnlyForDeploymentPostprocessing = 0;
		};
		A10000000000000000000078 /* Resources */ = {
			isa = PBXResourcesBuildPhase;
			buildActionMask = 2147483647;
			files = (
			);
			runOnlyForDeploymentPostprocessing = 0;
		};
		A1000000000000000000008D /* Resources */ = {
			isa = PBXResourcesBuildPhase;
			buildActionMask = 2147483647;
			files = (
			);
			runOnlyForDeploymentPostprocessing = 0;
		};
/* End PBXResourcesBuildPhase section */

/* Begin PBXShellScriptBuildPhase section */
		A1000000000000000000007A /* Embed Login Helper */ = {
			isa = PBXShellScriptBuildPhase;
			buildActionMask = 2147483647;
			files = (
			);
			inputFileListPaths = (
			);
			inputPaths = (
				"$(BUILT_PRODUCTS_DIR)/MacStateLoginHelper.app",
			);
			name = "Embed Login Helper";
			outputFileListPaths = (
			);
			outputPaths = (
				"$(TARGET_BUILD_DIR)/$(CONTENTS_FOLDER_PATH)/Library/LoginItems/MacStateLoginHelper.app",
			);
			runOnlyForDeploymentPostprocessing = 0;
			shellPath = /bin/sh;
			shellScript = "set -euo pipefail\nHELPER_SRC=\"${BUILT_PRODUCTS_DIR}/MacStateLoginHelper.app\"\nHELPER_DST=\"${TARGET_BUILD_DIR}/${CONTENTS_FOLDER_PATH}/Library/LoginItems/MacStateLoginHelper.app\"\nmkdir -p \"$(dirname \"$HELPER_DST\")\"\nrm -rf \"$HELPER_DST\"\nditto \"$HELPER_SRC\" \"$HELPER_DST\"\n";
		};
		A10000000000000000000090 /* Embed Widget Extension */ = {
			isa = PBXShellScriptBuildPhase;
			buildActionMask = 2147483647;
			files = (
			);
			inputFileListPaths = (
			);
			inputPaths = (
				"$(BUILT_PRODUCTS_DIR)/MacStateWidgets.appex",
			);
			name = "Embed Widget Extension";
			outputFileListPaths = (
			);
			outputPaths = (
				"$(TARGET_BUILD_DIR)/$(CONTENTS_FOLDER_PATH)/PlugIns/MacStateWidgets.appex",
			);
			runOnlyForDeploymentPostprocessing = 0;
			shellPath = /bin/sh;
			shellScript = "set -euo pipefail\nEXTENSION_SRC=\"${BUILT_PRODUCTS_DIR}/MacStateWidgets.appex\"\nEXTENSION_DST=\"${TARGET_BUILD_DIR}/${CONTENTS_FOLDER_PATH}/PlugIns/MacStateWidgets.appex\"\nmkdir -p \"$(dirname \"$EXTENSION_DST\")\"\nrm -rf \"$EXTENSION_DST\"\nditto \"$EXTENSION_SRC\" \"$EXTENSION_DST\"\n";
		};
/* End PBXShellScriptBuildPhase section */

/* Begin PBXSourcesBuildPhase section */
		A1000000000000000000000D /* Sources */ = {
			isa = PBXSourcesBuildPhase;
			buildActionMask = 2147483647;
			files = (
				A10000000000000000000031 /* AppDelegate.swift in Sources */,
				A10000000000000000000030 /* main.swift in Sources */,
				A10000000000000000000032 /* AppAssembler.swift in Sources */,
				A1000000000000000000003B /* AlertNotificationService.swift in Sources */,
				A10000000000000000000033 /* AppState.swift in Sources */,
				A10000000000000000000039 /* AppMetricsMonitor.swift in Sources */,
				A10000000000000000000034 /* DependencyContainer.swift in Sources */,
				A10000000000000000000096 /* AppText.swift in Sources */,
				A10000000000000000000035 /* PopoverController.swift in Sources */,
				A10000000000000000000036 /* StatusItemController.swift in Sources */,
				A10000000000000000000037 /* WindowRouter.swift in Sources */,
				A10000000000000000000038 /* DashboardView.swift in Sources */,
				A10000000000000000000080 /* HistoryView.swift in Sources */,
				A1000000000000000000009B /* SettingsControlRow.swift in Sources */,
				A10000000000000000000099 /* SettingsSectionCard.swift in Sources */,
				A1000000000000000000003A /* SettingsView.swift in Sources */,
			);
			runOnlyForDeploymentPostprocessing = 0;
		};
		A10000000000000000000079 /* Sources */ = {
			isa = PBXSourcesBuildPhase;
			buildActionMask = 2147483647;
			files = (
				A10000000000000000000070 /* main.swift in Sources */,
			);
			runOnlyForDeploymentPostprocessing = 0;
		};
		A1000000000000000000008E /* Sources */ = {
			isa = PBXSourcesBuildPhase;
			buildActionMask = 2147483647;
			files = (
				A10000000000000000000084 /* MacStateWidgets.swift in Sources */,
				A10000000000000000000085 /* MetricOverviewWidget.swift in Sources */,
			);
			runOnlyForDeploymentPostprocessing = 0;
		};
/* End PBXSourcesBuildPhase section */

/* Begin PBXTargetDependency section */
		A1000000000000000000007B /* PBXTargetDependency */ = {
			isa = PBXTargetDependency;
			name = MacStateLoginHelper;
			target = A10000000000000000000077 /* MacStateLoginHelper */;
			targetProxy = A1000000000000000000007F /* PBXContainerItemProxy */;
		};
		A10000000000000000000091 /* PBXTargetDependency */ = {
			isa = PBXTargetDependency;
			name = MacStateWidgets;
			target = A1000000000000000000008F /* MacStateWidgets */;
			targetProxy = A10000000000000000000086 /* PBXContainerItemProxy */;
		};
/* End PBXTargetDependency section */

/* Begin XCLocalSwiftPackageReference section */
		A10000000000000000000050 /* XCLocalSwiftPackageReference "../../Packages/MacStateFoundation" */ = {
			isa = XCLocalSwiftPackageReference;
			relativePath = ../../Packages/MacStateFoundation;
		};
		A10000000000000000000051 /* XCLocalSwiftPackageReference "../../Packages/MacStateMetrics" */ = {
			isa = XCLocalSwiftPackageReference;
			relativePath = ../../Packages/MacStateMetrics;
		};
		A10000000000000000000052 /* XCLocalSwiftPackageReference "../../Packages/MacStateStorage" */ = {
			isa = XCLocalSwiftPackageReference;
			relativePath = ../../Packages/MacStateStorage;
		};
		A10000000000000000000053 /* XCLocalSwiftPackageReference "../../Packages/MacStateUI" */ = {
			isa = XCLocalSwiftPackageReference;
			relativePath = ../../Packages/MacStateUI;
		};
/* End XCLocalSwiftPackageReference section */

/* Begin XCSwiftPackageProductDependency section */
		A10000000000000000000060 /* MacStateFoundation */ = {
			isa = XCSwiftPackageProductDependency;
			package = A10000000000000000000050 /* XCLocalSwiftPackageReference "../../Packages/MacStateFoundation" */;
			productName = MacStateFoundation;
		};
		A10000000000000000000061 /* MacStateMetrics */ = {
			isa = XCSwiftPackageProductDependency;
			package = A10000000000000000000051 /* XCLocalSwiftPackageReference "../../Packages/MacStateMetrics" */;
			productName = MacStateMetrics;
		};
		A10000000000000000000062 /* MacStateStorage */ = {
			isa = XCSwiftPackageProductDependency;
			package = A10000000000000000000052 /* XCLocalSwiftPackageReference "../../Packages/MacStateStorage" */;
			productName = MacStateStorage;
		};
		A10000000000000000000063 /* MacStateUI */ = {
			isa = XCSwiftPackageProductDependency;
			package = A10000000000000000000053 /* XCLocalSwiftPackageReference "../../Packages/MacStateUI" */;
			productName = MacStateUI;
		};
		A10000000000000000000095 /* MacStateFoundation */ = {
			isa = XCSwiftPackageProductDependency;
			package = A10000000000000000000050 /* XCLocalSwiftPackageReference "../../Packages/MacStateFoundation" */;
			productName = MacStateFoundation;
		};
/* End XCSwiftPackageProductDependency section */

/* Begin XCBuildConfiguration section */
		A10000000000000000000012 /* Debug */ = {
			isa = XCBuildConfiguration;
			buildSettings = {
				MACOSX_DEPLOYMENT_TARGET = 11.0;
				SDKROOT = macosx;
			};
			name = Debug;
		};
		A10000000000000000000013 /* Release */ = {
			isa = XCBuildConfiguration;
			buildSettings = {
				MACOSX_DEPLOYMENT_TARGET = 11.0;
				SDKROOT = macosx;
			};
			name = Release;
		};
		A10000000000000000000014 /* Debug */ = {
			isa = XCBuildConfiguration;
			buildSettings = {
				ALWAYS_SEARCH_USER_PATHS = NO;
				ASSETCATALOG_COMPILER_APPICON_NAME = AppIcon;
				CODE_SIGN_ENTITLEMENTS = MacStateApp/MacStateApp.entitlements;
				CODE_SIGN_STYLE = Automatic;
				CURRENT_PROJECT_VERSION = 1;
				GENERATE_INFOPLIST_FILE = YES;
				INFOPLIST_KEY_CFBundleDisplayName = "mac-state";
				INFOPLIST_KEY_LSApplicationCategoryType = "public.app-category.utilities";
				LD_RUNPATH_SEARCH_PATHS = (
					"$(inherited)",
					"@executable_path/../Frameworks",
				);
				MACOSX_DEPLOYMENT_TARGET = 11.0;
				MARKETING_VERSION = 1.0.0;
				PRODUCT_BUNDLE_IDENTIFIER = "io.github.henry-insomniac.mac-state";
				PRODUCT_NAME = "$(TARGET_NAME)";
				SDKROOT = macosx;
				SUPPORTED_PLATFORMS = macosx;
				SWIFT_EMIT_LOC_STRINGS = YES;
				SWIFT_STRICT_CONCURRENCY = complete;
				SWIFT_VERSION = 6.0;
			};
			name = Debug;
		};
		A10000000000000000000015 /* Release */ = {
			isa = XCBuildConfiguration;
			buildSettings = {
				ALWAYS_SEARCH_USER_PATHS = NO;
				ASSETCATALOG_COMPILER_APPICON_NAME = AppIcon;
				CODE_SIGN_ENTITLEMENTS = MacStateApp/MacStateApp.entitlements;
				CODE_SIGN_STYLE = Automatic;
				CURRENT_PROJECT_VERSION = 1;
				ENABLE_HARDENED_RUNTIME = YES;
				GENERATE_INFOPLIST_FILE = YES;
				INFOPLIST_KEY_CFBundleDisplayName = "mac-state";
				INFOPLIST_KEY_LSApplicationCategoryType = "public.app-category.utilities";
				LD_RUNPATH_SEARCH_PATHS = (
					"$(inherited)",
					"@executable_path/../Frameworks",
				);
				MACOSX_DEPLOYMENT_TARGET = 11.0;
				MARKETING_VERSION = 1.0.0;
				PRODUCT_BUNDLE_IDENTIFIER = "io.github.henry-insomniac.mac-state";
				PRODUCT_NAME = "$(TARGET_NAME)";
				SDKROOT = macosx;
				SUPPORTED_PLATFORMS = macosx;
				SWIFT_EMIT_LOC_STRINGS = YES;
				SWIFT_STRICT_CONCURRENCY = complete;
				SWIFT_VERSION = 6.0;
			};
			name = Release;
		};
		A1000000000000000000007C /* Debug */ = {
			isa = XCBuildConfiguration;
			buildSettings = {
				ALWAYS_SEARCH_USER_PATHS = NO;
				CODE_SIGN_STYLE = Automatic;
				CURRENT_PROJECT_VERSION = 1;
				GENERATE_INFOPLIST_FILE = YES;
				INFOPLIST_KEY_CFBundleDisplayName = "MacStateLoginHelper";
				INFOPLIST_KEY_LSUIElement = YES;
				MACOSX_DEPLOYMENT_TARGET = 11.0;
				MARKETING_VERSION = 1.0.0;
				PRODUCT_BUNDLE_IDENTIFIER = "io.github.henry-insomniac.mac-state.login-helper";
				PRODUCT_NAME = "$(TARGET_NAME)";
				SDKROOT = macosx;
				SKIP_INSTALL = YES;
				SUPPORTED_PLATFORMS = macosx;
				SWIFT_STRICT_CONCURRENCY = complete;
				SWIFT_VERSION = 6.0;
			};
			name = Debug;
		};
		A1000000000000000000007D /* Release */ = {
			isa = XCBuildConfiguration;
			buildSettings = {
				ALWAYS_SEARCH_USER_PATHS = NO;
				CODE_SIGN_STYLE = Automatic;
				CURRENT_PROJECT_VERSION = 1;
				ENABLE_HARDENED_RUNTIME = YES;
				GENERATE_INFOPLIST_FILE = YES;
				INFOPLIST_KEY_CFBundleDisplayName = "MacStateLoginHelper";
				INFOPLIST_KEY_LSUIElement = YES;
				MACOSX_DEPLOYMENT_TARGET = 11.0;
				MARKETING_VERSION = 1.0.0;
				PRODUCT_BUNDLE_IDENTIFIER = "io.github.henry-insomniac.mac-state.login-helper";
				PRODUCT_NAME = "$(TARGET_NAME)";
				SDKROOT = macosx;
				SKIP_INSTALL = YES;
				SUPPORTED_PLATFORMS = macosx;
				SWIFT_STRICT_CONCURRENCY = complete;
				SWIFT_VERSION = 6.0;
			};
			name = Release;
		};
		A10000000000000000000092 /* Debug */ = {
			isa = XCBuildConfiguration;
			buildSettings = {
				ALWAYS_SEARCH_USER_PATHS = NO;
				APPLICATION_EXTENSION_API_ONLY = YES;
				CODE_SIGN_ENTITLEMENTS = ../MacStateWidgets/MacStateWidgets.entitlements;
				CODE_SIGN_STYLE = Automatic;
				CURRENT_PROJECT_VERSION = 1;
				GENERATE_INFOPLIST_FILE = NO;
				INFOPLIST_FILE = ../MacStateWidgets/Info.plist;
				MACOSX_DEPLOYMENT_TARGET = 11.0;
				MARKETING_VERSION = 1.0.0;
				PRODUCT_BUNDLE_IDENTIFIER = "io.github.henry-insomniac.mac-state.widgets";
				PRODUCT_NAME = "$(TARGET_NAME)";
				SDKROOT = macosx;
				SKIP_INSTALL = YES;
				SUPPORTED_PLATFORMS = macosx;
				SWIFT_EMIT_LOC_STRINGS = YES;
				SWIFT_STRICT_CONCURRENCY = complete;
				SWIFT_VERSION = 6.0;
			};
			name = Debug;
		};
		A10000000000000000000093 /* Release */ = {
			isa = XCBuildConfiguration;
			buildSettings = {
				ALWAYS_SEARCH_USER_PATHS = NO;
				APPLICATION_EXTENSION_API_ONLY = YES;
				CODE_SIGN_ENTITLEMENTS = ../MacStateWidgets/MacStateWidgets.entitlements;
				CODE_SIGN_STYLE = Automatic;
				CURRENT_PROJECT_VERSION = 1;
				ENABLE_HARDENED_RUNTIME = YES;
				GENERATE_INFOPLIST_FILE = NO;
				INFOPLIST_FILE = ../MacStateWidgets/Info.plist;
				MACOSX_DEPLOYMENT_TARGET = 11.0;
				MARKETING_VERSION = 1.0.0;
				PRODUCT_BUNDLE_IDENTIFIER = "io.github.henry-insomniac.mac-state.widgets";
				PRODUCT_NAME = "$(TARGET_NAME)";
				SDKROOT = macosx;
				SKIP_INSTALL = YES;
				SUPPORTED_PLATFORMS = macosx;
				SWIFT_EMIT_LOC_STRINGS = YES;
				SWIFT_STRICT_CONCURRENCY = complete;
				SWIFT_VERSION = 6.0;
			};
			name = Release;
		};
/* End XCBuildConfiguration section */

/* Begin XCConfigurationList section */
		A10000000000000000000010 /* Build configuration list for PBXProject "MacStateApp" */ = {
			isa = XCConfigurationList;
			buildConfigurations = (
				A10000000000000000000012 /* Debug */,
				A10000000000000000000013 /* Release */,
			);
			defaultConfigurationIsVisible = 0;
			defaultConfigurationName = Release;
		};
		A10000000000000000000011 /* Build configuration list for PBXNativeTarget "MacStateApp" */ = {
			isa = XCConfigurationList;
			buildConfigurations = (
				A10000000000000000000014 /* Debug */,
				A10000000000000000000015 /* Release */,
			);
			defaultConfigurationIsVisible = 0;
			defaultConfigurationName = Release;
		};
		A1000000000000000000007E /* Build configuration list for PBXNativeTarget "MacStateLoginHelper" */ = {
			isa = XCConfigurationList;
			buildConfigurations = (
				A1000000000000000000007C /* Debug */,
				A1000000000000000000007D /* Release */,
			);
			defaultConfigurationIsVisible = 0;
			defaultConfigurationName = Release;
		};
		A10000000000000000000094 /* Build configuration list for PBXNativeTarget "MacStateWidgets" */ = {
			isa = XCConfigurationList;
			buildConfigurations = (
				A10000000000000000000092 /* Debug */,
				A10000000000000000000093 /* Release */,
			);
			defaultConfigurationIsVisible = 0;
			defaultConfigurationName = Release;
		};
/* End XCConfigurationList section */
	};
	rootObject = A10000000000000000000001 /* Project object */;
}
